github.com/klauspost/compress v1.18.0 h1:c/Cqfb0r+Yi+JtIEq73FWXVkRonBlf0CRNYc8Zttxdo=
github.com/klauspost/compress v1.18.0/go.mod h1:2Pp+KzxcywXVXMr50+X0Q/Lsb43OQHYWRCY2AiWywWQ=
github.com/parquet-go/bitpack v0.0.0-20251026075331-05a3f34aa3c1 h1:Vt3Aezl1gfHqRaShGejpOneSSx0Y6J+x5jPc03RhuN8=
github.com/parquet-go/bitpack v0.0.0-20251026075331-05a3f34aa3c1/go.mod h1:Ef5FEKAqlyHECov7Z3RKOq8Ud9Vr8cbGNoCF56KEKaE=
golang.org/x/sys v0.37.0 h1:fdNQudmxPjkdUTPnLn5mdQv7Zwvbvpaxqs831goi9kQ=
golang.org/x/sys v0.37.0/go.mod h1:OgkHotnGiDImocRcuBABYBEXf8A9a87e/uXjp9XT3ks=
